# This file is automatically @generated by Cargo.
# It is not intended for manual editing.
version = 4

[[package]]
name = "mei"
version = "0.1.0"
dependencies = [
 "mei-agent",
 "mei-provider",
 "mei-session",
]

[[package]]
name = "mei-agent"
version = "0.1.0"

[[package]]
name = "mei-provider"
version = "0.1.0"

[[package]]
name = "mei-session"
version = "0.1.0"
